
Microsoft Visual Studio Solution File, Format Version 12.00
# Visual Studio Version 16
VisualStudioVersion = 16.0.29201.188
MinimumVisualStudioVersion = 10.0.40219.1
Project("{FAE04EC0-301F-11D3-BF4B-00C04F79EFBC}") = "HollowKnight.SpritePacker", "HollowKnight.SpritePacker\HollowKnight.SpritePacker.csproj", "{06B81256-AABF-4278-AB3B-0D74D40A94B5}"
EndProject
Global
	GlobalSection(SolutionConfigurationPlatforms) = preSolution
		Debug|Any CPU = Debug|Any CPU
		Release|Any CPU = Release|Any CPU
	EndGlobalSection
	GlobalSection(ProjectConfigurationPlatforms) = postSolution
		{06B81256-AABF-4278-AB3B-0D74D40A94B5}.Debug|Any CPU.ActiveCfg = Debug|Any CPU
		{06B81256-AABF-4278-AB3B-0D74D40A94B5}.Debug|Any CPU.Build.0 = Debug|Any CPU
		{06B81256-AABF-4278-AB3B-0D74D40A94B5}.Release|Any CPU.ActiveCfg = Release|Any CPU
		{06B81256-AABF-4278-AB3B-0D74D40A94B5}.Release|Any CPU.Build.0 = Release|Any CPU
	EndGlobalSection
	GlobalSection(SolutionProperties) = preSolution
		HideSolutionNode = FALSE
	EndGlobalSection
	GlobalSection(ExtensibilityGlobals) = postSolution
		SolutionGuid = {4BE8A6F3-2551-4D4A-A126-F8032B02422E}
	EndGlobalSection
EndGlobal
